
Microsoft Visual Studio Solution File, Format Version 12.00
# Visual Studio Version 16
VisualStudioVersion = 16.0.30204.135
MinimumVisualStudioVersion = 10.0.40219.1
Project("{FAE04EC0-301F-11D3-BF4B-00C04F79EFBC}") = "TrackerLibrary", "TrackerLibrary\TrackerLibrary.csproj", "{785F4DD9-BAC3-470E-8028-B28222C245E0}"
EndProject
Project("{FAE04EC0-301F-11D3-BF4B-00C04F79EFBC}") = "TrackerUI", "TrackerUI\TrackerUI.csproj", "{BCF588F3-5F41-4338-AC26-A4A167CE993C}"
EndProject
Global
	GlobalSection(SolutionConfigurationPlatforms) = preSolution
		Debug|Any CPU = Debug|Any CPU
		Release|Any CPU = Release|Any CPU
	EndGlobalSection
	GlobalSection(ProjectConfigurationPlatforms) = postSolution
		{785F4DD9-BAC3-470E-8028-B28222C245E0}.Debug|Any CPU.ActiveCfg = Debug|Any CPU
		{785F4DD9-BAC3-470E-8028-B28222C245E0}.Debug|Any CPU.Build.0 = Debug|Any CPU
		{785F4DD9-BAC3-470E-8028-B28222C245E0}.Release|Any CPU.ActiveCfg = Release|Any CPU
		{785F4DD9-BAC3-470E-8028-B28222C245E0}.Release|Any CPU.Build.0 = Release|Any CPU
		{BCF588F3-5F41-4338-AC26-A4A167CE993C}.Debug|Any CPU.ActiveCfg = Debug|Any CPU
		{BCF588F3-5F41-4338-AC26-A4A167CE993C}.Debug|Any CPU.Build.0 = Debug|Any CPU
		{BCF588F3-5F41-4338-AC26-A4A167CE993C}.Release|Any CPU.ActiveCfg = Release|Any CPU
		{BCF588F3-5F41-4338-AC26-A4A167CE993C}.Release|Any CPU.Build.0 = Release|Any CPU
	EndGlobalSection
	GlobalSection(SolutionProperties) = preSolution
		HideSolutionNode = FALSE
	EndGlobalSection
	GlobalSection(ExtensibilityGlobals) = postSolution
		SolutionGuid = {1859DBB2-4393-467C-BA59-AEF8AEC4BC19}
	EndGlobalSection
EndGlobal
